github.com/fangdingjun/go-log v0.0.0-20190821073628-ae332053d6dc h1:Tdk7VsmsFo3d0NqHTy3SRoRnkduOxwXgR65gQsq8kXY=
github.com/fangdingjun/go-log v0.0.0-20190821073628-ae332053d6dc/go.mod h1:oi7jbIScCbha6TbVzmrJP6igIHt+jcvvEgSJ7Ww1GkI=
github.com/gorilla/websocket v1.4.0 h1:WDFjx/TMzVgy9VdMMQi2K2Emtwi2QcUQsztZ/zLaH/Q=
github.com/gorilla/websocket v1.4.0/go.mod h1:E7qHFY5m1UJ88s3WnNqhKjPHQ0heANvMoAMk2YaljkQ=
golang.org/x/crypto v0.0.0-20190308221718-c2843e01d9a2/go.mod h1:djNgcEr1/C05ACkg1iLfiJU5Ep61QUkGW8qpdssI0+w=
golang.org/x/sys v0.0.0-20190215142949-d0b11bdaac8a/go.mod h1:STP8DvDyc/dI5b8T5hshtkjS+E42TnysNCUPdjciGhY=
